
Microsoft Visual Studio Solution File, Format Version 12.00
# Visual Studio 15
VisualStudioVersion = 15.0.27428.2015
MinimumVisualStudioVersion = 10.0.40219.1
Project("{FAE04EC0-301F-11D3-BF4B-00C04F79EFBC}") = "VPNarackaNaPica", "VPNarackaNaPica\VPNarackaNaPica.csproj", "{7823FD7C-F271-4C0C-B3D1-8FE2F6F88A41}"
EndProject
Global
	GlobalSection(SolutionConfigurationPlatforms) = preSolution
		Debug|Any CPU = Debug|Any CPU
		Release|Any CPU = Release|Any CPU
	EndGlobalSection
	GlobalSection(ProjectConfigurationPlatforms) = postSolution
		{7823FD7C-F271-4C0C-B3D1-8FE2F6F88A41}.Debug|Any CPU.ActiveCfg = Debug|Any CPU
		{7823FD7C-F271-4C0C-B3D1-8FE2F6F88A41}.Debug|Any CPU.Build.0 = Debug|Any CPU
		{7823FD7C-F271-4C0C-B3D1-8FE2F6F88A41}.Release|Any CPU.ActiveCfg = Release|Any CPU
		{7823FD7C-F271-4C0C-B3D1-8FE2F6F88A41}.Release|Any CPU.Build.0 = Release|Any CPU
	EndGlobalSection
	GlobalSection(SolutionProperties) = preSolution
		HideSolutionNode = FALSE
	EndGlobalSection
	GlobalSection(ExtensibilityGlobals) = postSolution
		SolutionGuid = {9F0C55CD-642E-49BD-9DD1-38FCC9CB3F49}
	EndGlobalSection
EndGlobal
