
Microsoft Visual Studio Solution File, Format Version 12.00
# Visual Studio 15
VisualStudioVersion = 15.0.27428.2015
MinimumVisualStudioVersion = 10.0.40219.1
Project("{FAE04EC0-301F-11D3-BF4B-00C04F79EFBC}") = "Hangman2", "Hangman2\Hangman2.csproj", "{9BEE5724-91F8-48D1-AD9F-E5E60FAA67FC}"
EndProject
Global
	GlobalSection(SolutionConfigurationPlatforms) = preSolution
		Debug|Any CPU = Debug|Any CPU
		Release|Any CPU = Release|Any CPU
	EndGlobalSection
	GlobalSection(ProjectConfigurationPlatforms) = postSolution
		{9BEE5724-91F8-48D1-AD9F-E5E60FAA67FC}.Debug|Any CPU.ActiveCfg = Debug|Any CPU
		{9BEE5724-91F8-48D1-AD9F-E5E60FAA67FC}.Debug|Any CPU.Build.0 = Debug|Any CPU
		{9BEE5724-91F8-48D1-AD9F-E5E60FAA67FC}.Release|Any CPU.ActiveCfg = Release|Any CPU
		{9BEE5724-91F8-48D1-AD9F-E5E60FAA67FC}.Release|Any CPU.Build.0 = Release|Any CPU
	EndGlobalSection
	GlobalSection(SolutionProperties) = preSolution
		HideSolutionNode = FALSE
	EndGlobalSection
	GlobalSection(ExtensibilityGlobals) = postSolution
		SolutionGuid = {87FB6174-1C95-42C7-BC15-B7F6F39F4034}
	EndGlobalSection
EndGlobal
